# This file was autogenerated by uv via the following command:
#    uv pip compile requirements.in -o requirements.lock
accelerate==1.12.0
    # via -r requirements.in
aiohappyeyeballs==2.6.1
    # via
    #   -r requirements.in
    #   aiohttp
aiohttp==3.13.2
    # via
    #   -r requirements.in
    #   fsspec
    #   torch-geometric
aiosignal==1.4.0
    # via
    #   -r requirements.in
    #   aiohttp
altair==6.0.0
    # via
    #   -r requirements.in
    #   streamlit
annotated-types==0.7.0
    # via
    #   -r requirements.in
    #   pydantic
anyio==4.12.0
    # via httpx
attrs==25.4.0
    # via
    #   -r requirements.in
    #   aiohttp
    #   jsonschema
    #   referencing
axial-positional-embedding==0.3.12
    # via
    #   -r requirements.in
    #   linear-attention-transformer
    #   reformer-pytorch
blinker==1.9.0
    # via
    #   -r requirements.in
    #   streamlit
blosc2==3.12.2
    # via
    #   -r requirements.in
    #   tables
cachetools==6.2.4
    # via
    #   -r requirements.in
    #   streamlit
certifi==2025.11.12
    # via
    #   -r requirements.in
    #   httpcore
    #   httpx
    #   requests
    #   sentry-sdk
charset-normalizer==3.4.4
    # via
    #   -r requirements.in
    #   requests
click==8.3.1
    # via
    #   -r requirements.in
    #   streamlit
    #   wandb
coloredlogs==15.0.1
    # via -r requirements.in
colt5-attention==0.11.1
    # via
    #   -r requirements.in
    #   product-key-memory
contourpy==1.3.3
    # via
    #   -r requirements.in
    #   matplotlib
cycler==0.12.1
    # via
    #   -r requirements.in
    #   matplotlib
cython==3.2.3
    # via
    #   -r requirements.in
    #   pmdarima
diffusers==0.36.0
    # via -r requirements.in
einops==0.8.1
    # via
    #   -r requirements.in
    #   axial-positional-embedding
    #   colt5-attention
    #   hyper-connections
    #   linear-attention-transformer
    #   local-attention
    #   product-key-memory
    #   reformer-pytorch
filelock==3.20.1
    # via
    #   -r requirements.in
    #   diffusers
    #   huggingface-hub
    #   torch
    #   transformers
fonttools==4.61.1
    # via
    #   -r requirements.in
    #   matplotlib
frozenlist==1.8.0
    # via
    #   -r requirements.in
    #   aiohttp
    #   aiosignal
fsspec==2025.12.0
    # via
    #   -r requirements.in
    #   huggingface-hub
    #   pytorch-lightning
    #   torch
    #   torch-geometric
gitdb==4.0.12
    # via
    #   -r requirements.in
    #   gitpython
gitpython==3.1.45
    # via
    #   -r requirements.in
    #   streamlit
    #   wandb
gluonts==0.16.2
    # via -r requirements.in
h11==0.16.0
    # via httpcore
hf-xet==1.2.0
    # via
    #   -r requirements.in
    #   huggingface-hub
httpcore==1.0.9
    # via httpx
httpx==0.28.1
    # via diffusers
huggingface-hub==0.36.0
    # via
    #   -r requirements.in
    #   accelerate
    #   diffusers
    #   timm
    #   tokenizers
    #   transformers
humanfriendly==10.0
    # via
    #   -r requirements.in
    #   coloredlogs
hyper-connections==0.2.1
    # via
    #   -r requirements.in
    #   local-attention
idna==3.11
    # via
    #   -r requirements.in
    #   anyio
    #   httpx
    #   requests
    #   yarl
igraph==1.0.0
    # via
    #   -r requirements.in
    #   python-igraph
importlib-metadata==8.7.1
    # via
    #   -r requirements.in
    #   diffusers
jaxtyping==0.3.4
    # via -r requirements.in
jinja2==3.1.6
    # via
    #   -r requirements.in
    #   altair
    #   pydeck
    #   torch
    #   torch-geometric
joblib==1.5.3
    # via
    #   -r requirements.in
    #   pmdarima
    #   scikit-learn
jsonschema==4.25.1
    # via
    #   -r requirements.in
    #   altair
jsonschema-specifications==2025.9.1
    # via
    #   -r requirements.in
    #   jsonschema
kiwisolver==1.4.9
    # via
    #   -r requirements.in
    #   matplotlib
lightning-utilities==0.15.2
    # via
    #   -r requirements.in
    #   pytorch-lightning
    #   torchmetrics
linear-attention-transformer==0.19.1
    # via -r requirements.in
linformer==0.2.3
    # via
    #   -r requirements.in
    #   linear-attention-transformer
local-attention==1.11.2
    # via
    #   -r requirements.in
    #   colt5-attention
    #   linear-attention-transformer
    #   reformer-pytorch
markupsafe==3.0.3
    # via
    #   -r requirements.in
    #   jinja2
matplotlib==3.10.8
    # via
    #   -r requirements.in
    #   seaborn
mpmath==1.3.0
    # via
    #   -r requirements.in
    #   sympy
msgpack==1.1.2
    # via
    #   -r requirements.in
    #   blosc2
multidict==6.7.0
    # via
    #   -r requirements.in
    #   aiohttp
    #   yarl
narwhals==2.14.0
    # via
    #   -r requirements.in
    #   altair
    #   plotly
ndindex==1.10.1
    # via
    #   -r requirements.in
    #   blosc2
networkx==3.6.1
    # via
    #   -r requirements.in
    #   torch
ninja==1.13.0
    # via -r requirements.in
numexpr==2.14.1
    # via
    #   -r requirements.in
    #   blosc2
    #   tables
numpy==2.1.3
    # via
    #   -r requirements.in
    #   accelerate
    #   blosc2
    #   contourpy
    #   diffusers
    #   gluonts
    #   matplotlib
    #   numexpr
    #   pandas
    #   patsy
    #   pmdarima
    #   pydeck
    #   pywavelets
    #   scikit-learn
    #   scipy
    #   seaborn
    #   statsmodels
    #   streamlit
    #   tables
    #   torch-geometric
    #   torchmetrics
    #   torchvision
    #   transformers
nvidia-cublas-cu12==12.8.4.1
    # via
    #   -r requirements.in
    #   nvidia-cudnn-cu12
    #   nvidia-cusolver-cu12
    #   torch
nvidia-cuda-cupti-cu12==12.8.90
    # via
    #   -r requirements.in
    #   torch
nvidia-cuda-nvrtc-cu12==12.8.93
    # via
    #   -r requirements.in
    #   torch
nvidia-cuda-runtime-cu12==12.8.90
    # via
    #   -r requirements.in
    #   torch
nvidia-cudnn-cu12==9.10.2.21
    # via
    #   -r requirements.in
    #   torch
nvidia-cufft-cu12==11.3.3.83
    # via
    #   -r requirements.in
    #   torch
nvidia-cufile-cu12==1.13.1.3
    # via
    #   -r requirements.in
    #   torch
nvidia-curand-cu12==10.3.9.90
    # via
    #   -r requirements.in
    #   torch
nvidia-cusolver-cu12==11.7.3.90
    # via
    #   -r requirements.in
    #   torch
nvidia-cusparse-cu12==12.5.8.93
    # via
    #   -r requirements.in
    #   nvidia-cusolver-cu12
    #   torch
nvidia-cusparselt-cu12==0.7.1
    # via
    #   -r requirements.in
    #   torch
nvidia-nccl-cu12==2.27.5
    # via
    #   -r requirements.in
    #   torch
nvidia-nvjitlink-cu12==12.8.93
    # via
    #   -r requirements.in
    #   nvidia-cufft-cu12
    #   nvidia-cusolver-cu12
    #   nvidia-cusparse-cu12
    #   torch
nvidia-nvshmem-cu12==3.3.20
    # via torch
nvidia-nvtx-cu12==12.8.90
    # via
    #   -r requirements.in
    #   torch
objprint==0.3.0
    # via
    #   -r requirements.in
    #   viztracer
packaging==25.0
    # via
    #   -r requirements.in
    #   accelerate
    #   altair
    #   colt5-attention
    #   huggingface-hub
    #   lightning-utilities
    #   matplotlib
    #   plotly
    #   pmdarima
    #   pytorch-lightning
    #   statsmodels
    #   streamlit
    #   tables
    #   torchmetrics
    #   transformers
    #   wandb
pandas==2.3.3
    # via
    #   -r requirements.in
    #   gluonts
    #   pmdarima
    #   seaborn
    #   statsmodels
    #   streamlit
patsy==1.0.2
    # via
    #   -r requirements.in
    #   statsmodels
pillow==12.0.0
    # via
    #   -r requirements.in
    #   diffusers
    #   matplotlib
    #   streamlit
    #   torchvision
pip==25.3
    # via -r requirements.in
platformdirs==4.5.1
    # via
    #   -r requirements.in
    #   blosc2
    #   wandb
plotly==6.5.0
    # via -r requirements.in
pmdarima==2.1.1
    # via -r requirements.in
product-key-memory==0.3.0
    # via
    #   -r requirements.in
    #   linear-attention-transformer
    #   reformer-pytorch
propcache==0.4.1
    # via
    #   -r requirements.in
    #   aiohttp
    #   yarl
protobuf==6.33.2
    # via
    #   -r requirements.in
    #   streamlit
    #   wandb
psutil==7.2.0
    # via
    #   -r requirements.in
    #   accelerate
    #   torch-geometric
ptflops==0.7.5
    # via -r requirements.in
py-cpuinfo==9.0.0
    # via
    #   -r requirements.in
    #   blosc2
    #   tables
pyarrow==22.0.0
    # via
    #   -r requirements.in
    #   streamlit
pydantic==2.12.5
    # via
    #   -r requirements.in
    #   gluonts
    #   wandb
pydantic-core==2.41.5
    # via
    #   -r requirements.in
    #   pydantic
pydeck==0.9.1
    # via
    #   -r requirements.in
    #   streamlit
pyparsing==3.3.1
    # via
    #   -r requirements.in
    #   matplotlib
    #   torch-geometric
python-dateutil==2.9.0.post0
    # via
    #   -r requirements.in
    #   matplotlib
    #   pandas
python-igraph==1.0.0
    # via -r requirements.in
pytorch-lightning==2.6.0
    # via -r requirements.in
pytz==2025.2
    # via
    #   -r requirements.in
    #   pandas
pywavelets==1.9.0
    # via -r requirements.in
pyyaml==6.0.3
    # via
    #   -r requirements.in
    #   accelerate
    #   huggingface-hub
    #   pytorch-lightning
    #   timm
    #   transformers
    #   wandb
referencing==0.37.0
    # via
    #   -r requirements.in
    #   jsonschema
    #   jsonschema-specifications
reformer-pytorch==1.4.4
    # via -r requirements.in
regex==2025.11.3
    # via
    #   -r requirements.in
    #   diffusers
    #   transformers
requests==2.32.5
    # via
    #   -r requirements.in
    #   blosc2
    #   diffusers
    #   huggingface-hub
    #   streamlit
    #   torch-geometric
    #   transformers
    #   wandb
rpds-py==0.30.0
    # via
    #   -r requirements.in
    #   jsonschema
    #   referencing
safetensors==0.7.0
    # via
    #   -r requirements.in
    #   accelerate
    #   diffusers
    #   timm
    #   transformers
scikit-learn==1.8.0
    # via
    #   -r requirements.in
    #   pmdarima
scipy==1.16.3
    # via
    #   -r requirements.in
    #   pmdarima
    #   scikit-learn
    #   statsmodels
    #   torchdiffeq
seaborn==0.13.2
    # via -r requirements.in
sentry-sdk==2.48.0
    # via
    #   -r requirements.in
    #   wandb
setuptools==80.9.0
    # via
    #   -r requirements.in
    #   lightning-utilities
    #   pmdarima
    #   torch
six==1.17.0
    # via
    #   -r requirements.in
    #   python-dateutil
smmap==5.0.2
    # via
    #   -r requirements.in
    #   gitdb
statsmodels==0.14.6
    # via
    #   -r requirements.in
    #   pmdarima
streamlit==1.52.2
    # via
    #   -r requirements.in
    #   streamlit-antd-components
streamlit-antd-components==0.3.2
    # via -r requirements.in
sympy==1.14.0
    # via
    #   -r requirements.in
    #   torch
tables==3.10.2
    # via -r requirements.in
tabulate==0.9.0
    # via -r requirements.in
tenacity==9.1.2
    # via
    #   -r requirements.in
    #   streamlit
texttable==1.7.0
    # via
    #   -r requirements.in
    #   igraph
threadpoolctl==3.6.0
    # via
    #   -r requirements.in
    #   scikit-learn
timm==1.0.22
    # via -r requirements.in
tokenizers==0.22.1
    # via
    #   -r requirements.in
    #   transformers
toml==0.10.2
    # via
    #   -r requirements.in
    #   streamlit
toolz==0.12.1
    # via
    #   -r requirements.in
    #   gluonts
torch==2.9.1
    # via
    #   -r requirements.in
    #   accelerate
    #   axial-positional-embedding
    #   colt5-attention
    #   hyper-connections
    #   linear-attention-transformer
    #   linformer
    #   local-attention
    #   product-key-memory
    #   ptflops
    #   pytorch-lightning
    #   reformer-pytorch
    #   timm
    #   torchdiffeq
    #   torchmetrics
    #   torchvision
torch-geometric==2.7.0
    # via -r requirements.in
torchdiffeq==0.2.5
    # via -r requirements.in
torchmetrics==1.8.2
    # via
    #   -r requirements.in
    #   pytorch-lightning
torchvision==0.24.1
    # via
    #   -r requirements.in
    #   timm
tornado==6.5.4
    # via
    #   -r requirements.in
    #   streamlit
tqdm==4.67.1
    # via
    #   -r requirements.in
    #   gluonts
    #   huggingface-hub
    #   pytorch-lightning
    #   torch-geometric
    #   transformers
transformers==4.57.3
    # via -r requirements.in
triton==3.5.1
    # via
    #   -r requirements.in
    #   torch
typing-extensions==4.15.0
    # via
    #   -r requirements.in
    #   aiosignal
    #   altair
    #   anyio
    #   gluonts
    #   huggingface-hub
    #   lightning-utilities
    #   pydantic
    #   pydantic-core
    #   pytorch-lightning
    #   referencing
    #   streamlit
    #   tables
    #   torch
    #   typing-inspection
    #   wandb
typing-inspection==0.4.2
    # via
    #   -r requirements.in
    #   pydantic
tzdata==2025.3
    # via
    #   -r requirements.in
    #   pandas
urllib3==2.6.2
    # via
    #   -r requirements.in
    #   pmdarima
    #   requests
    #   sentry-sdk
viztracer==1.1.1
    # via -r requirements.in
wadler-lindig==0.1.7
    # via
    #   -r requirements.in
    #   jaxtyping
wandb==0.23.1
    # via -r requirements.in
watchdog==6.0.0
    # via
    #   -r requirements.in
    #   streamlit
wheel==0.45.1
    # via -r requirements.in
xxhash==3.6.0
    # via
    #   -r requirements.in
    #   torch-geometric
yarl==1.22.0
    # via
    #   -r requirements.in
    #   aiohttp
zipp==3.23.0
    # via
    #   -r requirements.in
    #   importlib-metadata
